// !$*UTF8*$!
{
	archiveVersion = 1;
	classes = {
	};
	objectVersion = 46;
	objects = {

/* Begin PBXBuildFile section */
		7E43D33E1A803E54004099B3 /* SurveyItemCell.m in Sources */ = {isa = PBXBuildFile; fileRef = 7E43D33D1A803E54004099B3 /* SurveyItemCell.m */; };
		7E43D3411A8047B3004099B3 /* NewSurveyItemViewController.m in Sources */ = {isa = PBXBuildFile; fileRef = 7E43D3401A8047B3004099B3 /* NewSurveyItemViewController.m */; };
		7E980DA91A80262600CEC469 /* main.m in Sources */ = {isa = PBXBuildFile; fileRef = 7E980DA81A80262600CEC469 /* main.m */; };
		7E980DAC1A80262600CEC469 /* AppDelegate.m in Sources */ = {isa = PBXBuildFile; fileRef = 7E980DAB1A80262600CEC469 /* AppDelegate.m */; };
		7E980DAF1A80262600CEC469 /* ViewController.m in Sources */ = {isa = PBXBuildFile; fileRef = 7E980DAE1A80262600CEC469 /* ViewController.m */; };
		7E980DB21A80262700CEC469 /* Main.storyboard in Resources */ = {isa = PBXBuildFile; fileRef = 7E980DB01A80262700CEC469 /* Main.storyboard */; };
		7E980DB41A80262700CEC469 /* Images.xcassets in Resources */ = {isa = PBXBuildFile; fileRef = 7E980DB31A80262700CEC469 /* Images.xcassets */; };
		7E980DB71A80262700CEC469 /* LaunchScreen.xib in Resources */ = {isa = PBXBuildFile; fileRef = 7E980DB51A80262700CEC469 /* LaunchScreen.xib */; };
		7E980DC31A80262700CEC469 /* SurveyMakerTests.m in Sources */ = {isa = PBXBuildFile; fileRef = 7E980DC21A80262700CEC469 /* SurveyMakerTests.m */; };
		7E980DCE1A80267400CEC469 /* PreviewViewController.m in Sources */ = {isa = PBXBuildFile; fileRef = 7E980DCD1A80267400CEC469 /* PreviewViewController.m */; };
		7E980E061A8027BD00CEC469 /* SurveyItem.m in Sources */ = {isa = PBXBuildFile; fileRef = 7E980E051A8027BD00CEC469 /* SurveyItem.m */; };
/* End PBXBuildFile section */

/* Begin PBXContainerItemProxy section */
		7E980DBD1A80262700CEC469 /* PBXContainerItemProxy */ = {
			isa = PBXContainerItemProxy;
			containerPortal = 7E980D9B1A80262600CEC469 /* Project object */;
			proxyType = 1;
			remoteGlobalIDString = 7E980DA21A80262600CEC469;
			remoteInfo = SurveyMaker;
		};
/* End PBXContainerItemProxy section */

/* Begin PBXFileReference section */
		7E43D33C1A803E54004099B3 /* SurveyItemCell.h */ = {isa = PBXFileReference; fileEncoding = 4; lastKnownFileType = sourcecode.c.h; path = SurveyItemCell.h; sourceTree = "<group>"; };
		7E43D33D1A803E54004099B3 /* SurveyItemCell.m */ = {isa = PBXFileReference; fileEncoding = 4; lastKnownFileType = sourcecode.c.objc; path = SurveyItemCell.m; sourceTree = "<group>"; };
		7E43D33F1A8047B3004099B3 /* NewSurveyItemViewController.h */ = {isa = PBXFileReference; fileEncoding = 4; lastKnownFileType = sourcecode.c.h; path = NewSurveyItemViewController.h; sourceTree = "<group>"; };
		7E43D3401A8047B3004099B3 /* NewSurveyItemViewController.m */ = {isa = PBXFileReference; fileEncoding = 4; lastKnownFileType = sourcecode.c.objc; path = NewSurveyItemViewController.m; sourceTree = "<group>"; };
		7E980DA31A80262600CEC469 /* SurveyMaker.app */ = {isa = PBXFileReference; explicitFileType = wrapper.application; includeInIndex = 0; path = SurveyMaker.app; sourceTree = BUILT_PRODUCTS_DIR; };
		7E980DA71A80262600CEC469 /* Info.plist */ = {isa = PBXFileReference; lastKnownFileType = text.plist.xml; path = Info.plist; sourceTree = "<group>"; };
		7E980DA81A80262600CEC469 /* main.m */ = {isa = PBXFileReference; lastKnownFileType = sourcecode.c.objc; path = main.m; sourceTree = "<group>"; };
		7E980DAA1A80262600CEC469 /* AppDelegate.h */ = {isa = PBXFileReference; lastKnownFileType = sourcecode.c.h; path = AppDelegate.h; sourceTree = "<group>"; };
		7E980DAB1A80262600CEC469 /* AppDelegate.m */ = {isa = PBXFileReference; lastKnownFileType = sourcecode.c.objc; path = AppDelegate.m; sourceTree = "<group>"; };
		7E980DAD1A80262600CEC469 /* ViewController.h */ = {isa = PBXFileReference; lastKnownFileType = sourcecode.c.h; path = ViewController.h; sourceTree = "<group>"; };
		7E980DAE1A80262600CEC469 /* ViewController.m */ = {isa = PBXFileReference; lastKnownFileType = sourcecode.c.objc; path = ViewController.m; sourceTree = "<group>"; };
		7E980DB11A80262700CEC469 /* Base */ = {isa = PBXFileReference; lastKnownFileType = file.storyboard; name = Base; path = Base.lproj/Main.storyboard; sourceTree = "<group>"; };
		7E980DB31A80262700CEC469 /* Images.xcassets */ = {isa = PBXFileReference; lastKnownFileType = folder.assetcatalog; path = Images.xcassets; sourceTree = "<group>"; };
		7E980DB61A80262700CEC469 /* Base */ = {isa = PBXFileReference; lastKnownFileType = file.xib; name = Base; path = Base.lproj/LaunchScreen.xib; sourceTree = "<group>"; };
		7E980DBC1A80262700CEC469 /* SurveyMakerTests.xctest */ = {isa = PBXFileReference; explicitFileType = wrapper.cfbundle; includeInIndex = 0; path = SurveyMakerTests.xctest; sourceTree = BUILT_PRODUCTS_DIR; };
		7E980DC11A80262700CEC469 /* Info.plist */ = {isa = PBXFileReference; lastKnownFileType = text.plist.xml; path = Info.plist; sourceTree = "<group>"; };
		7E980DC21A80262700CEC469 /* SurveyMakerTests.m */ = {isa = PBXFileReference; lastKnownFileType = sourcecode.c.objc; path = SurveyMakerTests.m; sourceTree = "<group>"; };
		7E980DCC1A80267400CEC469 /* PreviewViewController.h */ = {isa = PBXFileReference; fileEncoding = 4; lastKnownFileType = sourcecode.c.h; path = PreviewViewController.h; sourceTree = "<group>"; };
		7E980DCD1A80267400CEC469 /* PreviewViewController.m */ = {isa = PBXFileReference; fileEncoding = 4; lastKnownFileType = sourcecode.c.objc; path = PreviewViewController.m; sourceTree = "<group>"; };
		7E980E041A8027BD00CEC469 /* SurveyItem.h */ = {isa = PBXFileReference; fileEncoding = 4; lastKnownFileType = sourcecode.c.h; path = SurveyItem.h; sourceTree = "<group>"; };
		7E980E051A8027BD00CEC469 /* SurveyItem.m */ = {isa = PBXFileReference; fileEncoding = 4; lastKnownFileType = sourcecode.c.objc; path = SurveyItem.m; sourceTree = "<group>"; };
/* End PBXFileReference section */

/* Begin PBXFrameworksBuildPhase section */
		7E980DA01A80262600CEC469 /* Frameworks */ = {
			isa = PBXFrameworksBuildPhase;
			buildActionMask = 2147483647;
			files = (
			);
			runOnlyForDeploymentPostprocessing = 0;
		};
		7E980DB91A80262700CEC469 /* Frameworks */ = {
			isa = PBXFrameworksBuildPhase;
			buildActionMask = 2147483647;
			files = (
			);
			runOnlyForDeploymentPostprocessing = 0;
		};
/* End PBXFrameworksBuildPhase section */

/* Begin PBXGroup section */
		7E980D9A1A80262600CEC469 = {
			isa = PBXGroup;
			children = (
				7E980DA51A80262600CEC469 /* SurveyMaker */,
				7E980DBF1A80262700CEC469 /* SurveyMakerTests */,
				7E980DA41A80262600CEC469 /* Products */,
			);
			sourceTree = "<group>";
		};
		7E980DA41A80262600CEC469 /* Products */ = {
			isa = PBXGroup;
			children = (
				7E980DA31A80262600CEC469 /* SurveyMaker.app */,
				7E980DBC1A80262700CEC469 /* SurveyMakerTests.xctest */,
			);
			name = Products;
			sourceTree = "<group>";
		};
		7E980DA51A80262600CEC469 /* SurveyMaker */ = {
			isa = PBXGroup;
			children = (
				7E980DAA1A80262600CEC469 /* AppDelegate.h */,
				7E980DAB1A80262600CEC469 /* AppDelegate.m */,
				7E980DAD1A80262600CEC469 /* ViewController.h */,
				7E980DCC1A80267400CEC469 /* PreviewViewController.h */,
				7E980DCD1A80267400CEC469 /* PreviewViewController.m */,
				7E43D33F1A8047B3004099B3 /* NewSurveyItemViewController.h */,
				7E43D3401A8047B3004099B3 /* NewSurveyItemViewController.m */,
				7E980E041A8027BD00CEC469 /* SurveyItem.h */,
				7E980E051A8027BD00CEC469 /* SurveyItem.m */,
				7E980DAE1A80262600CEC469 /* ViewController.m */,
				7E980DB01A80262700CEC469 /* Main.storyboard */,
				7E43D33C1A803E54004099B3 /* SurveyItemCell.h */,
				7E43D33D1A803E54004099B3 /* SurveyItemCell.m */,
				7E980DB31A80262700CEC469 /* Images.xcassets */,
				7E980DB51A80262700CEC469 /* LaunchScreen.xib */,
				7E980DA61A80262600CEC469 /* Supporting Files */,
			);
			path = SurveyMaker;
			sourceTree = "<group>";
		};
		7E980DA61A80262600CEC469 /* Supporting Files */ = {
			isa = PBXGroup;
			children = (
				7E980DA71A80262600CEC469 /* Info.plist */,
				7E980DA81A80262600CEC469 /* main.m */,
			);
			name = "Supporting Files";
			sourceTree = "<group>";
		};
		7E980DBF1A80262700CEC469 /* SurveyMakerTests */ = {
			isa = PBXGroup;
			children = (
				7E980DC21A80262700CEC469 /* SurveyMakerTests.m */,
				7E980DC01A80262700CEC469 /* Supporting Files */,
			);
			path = SurveyMakerTests;
			sourceTree = "<group>";
		};
		7E980DC01A80262700CEC469 /* Supporting Files */ = {
			isa = PBXGroup;
			children = (
				7E980DC11A80262700CEC469 /* Info.plist */,
			);
			name = "Supporting Files";
			sourceTree = "<group>";
		};
/* End PBXGroup section */

/* Begin PBXNativeTarget section */
		7E980DA21A80262600CEC469 /* SurveyMaker */ = {
			isa = PBXNativeTarget;
			buildConfigurationList = 7E980DC61A80262700CEC469 /* Build configuration list for PBXNativeTarget "SurveyMaker" */;
			buildPhases = (
				7E980D9F1A80262600CEC469 /* Sources */,
				7E980DA01A80262600CEC469 /* Frameworks */,
				7E980DA11A80262600CEC469 /* Resources */,
			);
			buildRules = (
			);
			dependencies = (
			);
			name = SurveyMaker;
			productName = SurveyMaker;
			productReference = 7E980DA31A80262600CEC469 /* SurveyMaker.app */;
			productType = "com.apple.product-type.application";
		};
		7E980DBB1A80262700CEC469 /* SurveyMakerTests */ = {
			isa = PBXNativeTarget;
			buildConfigurationList = 7E980DC91A80262700CEC469 /* Build configuration list for PBXNativeTarget "SurveyMakerTests" */;
			buildPhases = (
				7E980DB81A80262700CEC469 /* Sources */,
				7E980DB91A80262700CEC469 /* Frameworks */,
				7E980DBA1A80262700CEC469 /* Resources */,
			);
			buildRules = (
			);
			dependencies = (
				7E980DBE1A80262700CEC469 /* PBXTargetDependency */,
			);
			name = SurveyMakerTests;
			productName = SurveyMakerTests;
			productReference = 7E980DBC1A80262700CEC469 /* SurveyMakerTests.xctest */;
			productType = "com.apple.product-type.bundle.unit-test";
		};
/* End PBXNativeTarget section */

/* Begin PBXProject section */
		7E980D9B1A80262600CEC469 /* Project object */ = {
			isa = PBXProject;
			attributes = {
				LastUpgradeCheck = 0620;
				ORGANIZATIONNAME = "Cameron Klein";
				TargetAttributes = {
					7E980DA21A80262600CEC469 = {
						CreatedOnToolsVersion = 6.2;
					};
					7E980DBB1A80262700CEC469 = {
						CreatedOnToolsVersion = 6.2;
						TestTargetID = 7E980DA21A80262600CEC469;
					};
				};
			};
			buildConfigurationList = 7E980D9E1A80262600CEC469 /* Build configuration list for PBXProject "SurveyMaker" */;
			compatibilityVersion = "Xcode 3.2";
			developmentRegion = English;
			hasScannedForEncodings = 0;
			knownRegions = (
				en,
				Base,
			);
			mainGroup = 7E980D9A1A80262600CEC469;
			productRefGroup = 7E980DA41A80262600CEC469 /* Products */;
			projectDirPath = "";
			projectRoot = "";
			targets = (
				7E980DA21A80262600CEC469 /* SurveyMaker */,
				7E980DBB1A80262700CEC469 /* SurveyMakerTests */,
			);
		};
/* End PBXProject section */

/* Begin PBXResourcesBuildPhase section */
		7E980DA11A80262600CEC469 /* Resources */ = {
			isa = PBXResourcesBuildPhase;
			buildActionMask = 2147483647;
			files = (
				7E980DB21A80262700CEC469 /* Main.storyboard in Resources */,
				7E980DB71A80262700CEC469 /* LaunchScreen.xib in Resources */,
				7E980DB41A80262700CEC469 /* Images.xcassets in Resources */,
			);
			runOnlyForDeploymentPostprocessing = 0;
		};
		7E980DBA1A80262700CEC469 /* Resources */ = {
			isa = PBXResourcesBuildPhase;
			buildActionMask = 2147483647;
			files = (
			);
			runOnlyForDeploymentPostprocessing = 0;
		};
/* End PBXResourcesBuildPhase section */

/* Begin PBXSourcesBuildPhase section */
		7E980D9F1A80262600CEC469 /* Sources */ = {
			isa = PBXSourcesBuildPhase;
			buildActionMask = 2147483647;
			files = (
				7E43D33E1A803E54004099B3 /* SurveyItemCell.m in Sources */,
				7E980DAF1A80262600CEC469 /* ViewController.m in Sources */,
				7E980DAC1A80262600CEC469 /* AppDelegate.m in Sources */,
				7E980DA91A80262600CEC469 /* main.m in Sources */,
				7E980E061A8027BD00CEC469 /* SurveyItem.m in Sources */,
				7E43D3411A8047B3004099B3 /* NewSurveyItemViewController.m in Sources */,
				7E980DCE1A80267400CEC469 /* PreviewViewController.m in Sources */,
			);
			runOnlyForDeploymentPostprocessing = 0;
		};
		7E980DB81A80262700CEC469 /* Sources */ = {
			isa = PBXSourcesBuildPhase;
			buildActionMask = 2147483647;
			files = (
				7E980DC31A80262700CEC469 /* SurveyMakerTests.m in Sources */,
			);
			runOnlyForDeploymentPostprocessing = 0;
		};
/* End PBXSourcesBuildPhase section */

/* Begin PBXTargetDependency section */
		7E980DBE1A80262700CEC469 /* PBXTargetDependency */ = {
			isa = PBXTargetDependency;
			target = 7E980DA21A80262600CEC469 /* SurveyMaker */;
			targetProxy = 7E980DBD1A80262700CEC469 /* PBXContainerItemProxy */;
		};
/* End PBXTargetDependency section */

/* Begin PBXVariantGroup section */
		7E980DB01A80262700CEC469 /* Main.storyboard */ = {
			isa = PBXVariantGroup;
			children = (
				7E980DB11A80262700CEC469 /* Base */,
			);
			name = Main.storyboard;
			sourceTree = "<group>";
		};
		7E980DB51A80262700CEC469 /* LaunchScreen.xib */ = {
			isa = PBXVariantGroup;
			children = (
				7E980DB61A80262700CEC469 /* Base */,
			);
			name = LaunchScreen.xib;
			sourceTree = "<group>";
		};
/* End PBXVariantGroup section */

/* Begin XCBuildConfiguration section */
		7E980DC41A80262700CEC469 /* Debug */ = {
			isa = XCBuildConfiguration;
			buildSettings = {
				ALWAYS_SEARCH_USER_PATHS = NO;
				CLANG_CXX_LANGUAGE_STANDARD = "gnu++0x";
				CLANG_CXX_LIBRARY = "libc++";
				CLANG_ENABLE_MODULES = YES;
				CLANG_ENABLE_OBJC_ARC = YES;
				CLANG_WARN_BOOL_CONVERSION = YES;
				CLANG_WARN_CONSTANT_CONVERSION = YES;
				CLANG_WARN_DIRECT_OBJC_ISA_USAGE = YES_ERROR;
				CLANG_WARN_EMPTY_BODY = YES;
				CLANG_WARN_ENUM_CONVERSION = YES;
				CLANG_WARN_INT_CONVERSION = YES;
				CLANG_WARN_OBJC_ROOT_CLASS = YES_ERROR;
				CLANG_WARN_UNREACHABLE_CODE = YES;
				CLANG_WARN__DUPLICATE_METHOD_MATCH = YES;
				"CODE_SIGN_IDENTITY[sdk=iphoneos*]" = "iPhone Developer";
				COPY_PHASE_STRIP = NO;
				ENABLE_STRICT_OBJC_MSGSEND = YES;
				GCC_C_LANGUAGE_STANDARD = gnu99;
				GCC_DYNAMIC_NO_PIC = NO;
				GCC_OPTIMIZATION_LEVEL = 0;
				GCC_PREPROCESSOR_DEFINITIONS = (
					"DEBUG=1",
					"$(inherited)",
				);
				GCC_SYMBOLS_PRIVATE_EXTERN = NO;
				GCC_WARN_64_TO_32_BIT_CONVERSION = YES;
				GCC_WARN_ABOUT_RETURN_TYPE = YES_ERROR;
				GCC_WARN_UNDECLARED_SELECTOR = YES;
				GCC_WARN_UNINITIALIZED_AUTOS = YES_AGGRESSIVE;
				GCC_WARN_UNUSED_FUNCTION = YES;
				GCC_WARN_UNUSED_VARIABLE = YES;
				IPHONEOS_DEPLOYMENT_TARGET = 8.2;
				MTL_ENABLE_DEBUG_INFO = YES;
				ONLY_ACTIVE_ARCH = YES;
				SDKROOT = iphoneos;
				TARGETED_DEVICE_FAMILY = "1,2";
			};
			name = Debug;
		};
		7E980DC51A80262700CEC469 /* Release */ = {
			isa = XCBuildConfiguration;
			buildSettings = {
				ALWAYS_SEARCH_USER_PATHS = NO;
				CLANG_CXX_LANGUAGE_STANDARD = "gnu++0x";
				CLANG_CXX_LIBRARY = "libc++";
				CLANG_ENABLE_MODULES = YES;
				CLANG_ENABLE_OBJC_ARC = YES;
				CLANG_WARN_BOOL_CONVERSION = YES;
				CLANG_WARN_CONSTANT_CONVERSION = YES;
				CLANG_WARN_DIRECT_OBJC_ISA_USAGE = YES_ERROR;
				CLANG_WARN_EMPTY_BODY = YES;
				CLANG_WARN_ENUM_CONVERSION = YES;
				CLANG_WARN_INT_CONVERSION = YES;
				CLANG_WARN_OBJC_ROOT_CLASS = YES_ERROR;
				CLANG_WARN_UNREACHABLE_CODE = YES;
				CLANG_WARN__DUPLICATE_METHOD_MATCH = YES;
				"CODE_SIGN_IDENTITY[sdk=iphoneos*]" = "iPhone Developer";
				COPY_PHASE_STRIP = NO;
				ENABLE_NS_ASSERTIONS = NO;
				ENABLE_STRICT_OBJC_MSGSEND = YES;
				GCC_C_LANGUAGE_STANDARD = gnu99;
				GCC_WARN_64_TO_32_BIT_CONVERSION = YES;
				GCC_WARN_ABOUT_RETURN_TYPE = YES_ERROR;
				GCC_WARN_UNDECLARED_SELECTOR = YES;
				GCC_WARN_UNINITIALIZED_AUTOS = YES_AGGRESSIVE;
				GCC_WARN_UNUSED_FUNCTION = YES;
				GCC_WARN_UNUSED_VARIABLE = YES;
				IPHONEOS_DEPLOYMENT_TARGET = 8.2;
				MTL_ENABLE_DEBUG_INFO = NO;
				SDKROOT = iphoneos;
				TARGETED_DEVICE_FAMILY = "1,2";
				VALIDATE_PRODUCT = YES;
			};
			name = Release;
		};
		7E980DC71A80262700CEC469 /* Debug */ = {
			isa = XCBuildConfiguration;
			buildSettings = {
				ASSETCATALOG_COMPILER_APPICON_NAME = AppIcon;
				INFOPLIST_FILE = SurveyMaker/Info.plist;
				LD_RUNPATH_SEARCH_PATHS = "$(inherited) @executable_path/Frameworks";
				PRODUCT_NAME = "$(TARGET_NAME)";
			};
			name = Debug;
		};
		7E980DC81A80262700CEC469 /* Release */ = {
			isa = XCBuildConfiguration;
			buildSettings = {
				ASSETCATALOG_COMPILER_APPICON_NAME = AppIcon;
				INFOPLIST_FILE = SurveyMaker/Info.plist;
				LD_RUNPATH_SEARCH_PATHS = "$(inherited) @executable_path/Frameworks";
				PRODUCT_NAME = "$(TARGET_NAME)";
			};
			name = Release;
		};
		7E980DCA1A80262700CEC469 /* Debug */ = {
			isa = XCBuildConfiguration;
			buildSettings = {
				BUNDLE_LOADER = "$(TEST_HOST)";
				FRAMEWORK_SEARCH_PATHS = (
					"$(SDKROOT)/Developer/Library/Frameworks",
					"$(inherited)",
				);
				GCC_PREPROCESSOR_DEFINITIONS = (
					"DEBUG=1",
					"$(inherited)",
				);
				INFOPLIST_FILE = SurveyMakerTests/Info.plist;
				LD_RUNPATH_SEARCH_PATHS = "$(inherited) @executable_path/Frameworks @loader_path/Frameworks";
				PRODUCT_NAME = "$(TARGET_NAME)";
				TEST_HOST = "$(BUILT_PRODUCTS_DIR)/SurveyMaker.app/SurveyMaker";
			};
			name = Debug;
		};
		7E980DCB1A80262700CEC469 /* Release */ = {
			isa = XCBuildConfiguration;
			buildSettings = {
				BUNDLE_LOADER = "$(TEST_HOST)";
				FRAMEWORK_SEARCH_PATHS = (
					"$(SDKROOT)/Developer/Library/Frameworks",
					"$(inherited)",
				);
				INFOPLIST_FILE = SurveyMakerTests/Info.plist;
				LD_RUNPATH_SEARCH_PATHS = "$(inherited) @executable_path/Frameworks @loader_path/Frameworks";
				PRODUCT_NAME = "$(TARGET_NAME)";
				TEST_HOST = "$(BUILT_PRODUCTS_DIR)/SurveyMaker.app/SurveyMaker";
			};
			name = Release;
		};
/* End XCBuildConfiguration section */

/* Begin XCConfigurationList section */
		7E980D9E1A80262600CEC469 /* Build configuration list for PBXProject "SurveyMaker" */ = {
			isa = XCConfigurationList;
			buildConfigurations = (
				7E980DC41A80262700CEC469 /* Debug */,
				7E980DC51A80262700CEC469 /* Release */,
			);
			defaultConfigurationIsVisible = 0;
			defaultConfigurationName = Release;
		};
		7E980DC61A80262700CEC469 /* Build configuration list for PBXNativeTarget "SurveyMaker" */ = {
			isa = XCConfigurationList;
			buildConfigurations = (
				7E980DC71A80262700CEC469 /* Debug */,
				7E980DC81A80262700CEC469 /* Release */,
			);
			defaultConfigurationIsVisible = 0;
			defaultConfigurationName = Release;
		};
		7E980DC91A80262700CEC469 /* Build configuration list for PBXNativeTarget "SurveyMakerTests" */ = {
			isa = XCConfigurationList;
			buildConfigurations = (
				7E980DCA1A80262700CEC469 /* Debug */,
				7E980DCB1A80262700CEC469 /* Release */,
			);
			defaultConfigurationIsVisible = 0;
			defaultConfigurationName = Release;
		};
/* End XCConfigurationList section */
	};
	rootObject = 7E980D9B1A80262600CEC469 /* Project object */;
}
